{
  "name": "m3u-downloader",
  "version": "1.0.0",
  "lockfileVersion": 3,
  "requires": true,
  "packages": {
    "": {
      "name": "m3u-downloader",
      "version": "1.0.0",
      "license": "ISC",
      "dependencies": {
        "playlist-parser": "^0.0.12",
        "progress-bar-cli": "^1.0.4"
      }
    },
    "node_modules/playlist-parser": {
      "version": "0.0.12",
      "resolved": "https://registry.npmjs.org/playlist-parser/-/playlist-parser-0.0.12.tgz",
      "integrity": "sha512-eMC1F79YUOd4eH5t+e8ejfE93x4/ikUddICAqByAVehAePF1tBBgU03wmUFXXzobgTd1qL46ynsxByUSIKpVLA==",
      "license": "Dual MIT & Beerware",
      "dependencies": {
        "xmldom": "0.1.16"
      }
    },
    "node_modules/progress-bar-cli": {
      "version": "1.0.4",
      "resolved": "https://registry.npmjs.org/progress-bar-cli/-/progress-bar-cli-1.0.4.tgz",
      "integrity": "sha512-tcaqs7K8YKFLo6DdpJ2vL29LpmBs0OhV7eRpnzEwNNzrsVUgLh1UlBWS9Y+i58tMp07BOhZKo7xVvo2RiyfdDg==",
      "license": "MIT"
    },
    "node_modules/xmldom": {
      "version": "0.1.16",
      "resolved": "https://registry.npmjs.org/xmldom/-/xmldom-0.1.16.tgz",
      "integrity": "sha512-BAf7j3VCoH0YKmJkdN1yXDeHRj+T9Z2oxIhuaSvX3NigmNEInT9o9We6T+Ruh75hLZQBnATmekSmd0nd6GGrow==",
      "deprecated": "Deprecated due to CVE-2021-21366 resolved in 0.5.0",
      "engines": {
        "node": ">=0.1"
      }
    }
  }
}
